// !$*UTF8*$!
{
	archiveVersion = 1;
	classes = {
	};
	objectVersion = 46;
	objects = {

/* Begin PBXBuildFile section */
		36112ADC1B75744F00612489 /* GameKit.framework in Frameworks */ = {isa = PBXBuildFile; fileRef = 36112ADB1B75744F00612489 /* GameKit.framework */; };
		36112AE11B78E46600612489 /* RendaTests.swift in Sources */ = {isa = PBXBuildFile; fileRef = 364154441B6A4B65008E6DF3 /* RendaTests.swift */; };
		36112AE31B7A311200612489 /* GKLocalPlayerUtil.swift in Sources */ = {isa = PBXBuildFile; fileRef = 36112AE21B7A311200612489 /* GKLocalPlayerUtil.swift */; };
		3641542F1B6A4B65008E6DF3 /* AppDelegate.swift in Sources */ = {isa = PBXBuildFile; fileRef = 3641542E1B6A4B65008E6DF3 /* AppDelegate.swift */; };
		364154311B6A4B65008E6DF3 /* ViewController.swift in Sources */ = {isa = PBXBuildFile; fileRef = 364154301B6A4B65008E6DF3 /* ViewController.swift */; };
		364154341B6A4B65008E6DF3 /* Main.storyboard in Resources */ = {isa = PBXBuildFile; fileRef = 364154321B6A4B65008E6DF3 /* Main.storyboard */; };
		364154361B6A4B65008E6DF3 /* Images.xcassets in Resources */ = {isa = PBXBuildFile; fileRef = 364154351B6A4B65008E6DF3 /* Images.xcassets */; };
		364154391B6A4B65008E6DF3 /* LaunchScreen.xib in Resources */ = {isa = PBXBuildFile; fileRef = 364154371B6A4B65008E6DF3 /* LaunchScreen.xib */; };
		36E4E74F1B8346E10045E3C7 /* GKScoreUtil.swift in Sources */ = {isa = PBXBuildFile; fileRef = 36E4E74D1B8206D50045E3C7 /* GKScoreUtil.swift */; };
		36E4E7831B84A6630045E3C7 /* ViewController.swift in Sources */ = {isa = PBXBuildFile; fileRef = 364154301B6A4B65008E6DF3 /* ViewController.swift */; };
		36E4E7851B84A8E10045E3C7 /* GKScoreUtil.swift in Sources */ = {isa = PBXBuildFile; fileRef = 36E4E74D1B8206D50045E3C7 /* GKScoreUtil.swift */; };
		36F9241E1B739218008CED93 /* Renda.gif in Resources */ = {isa = PBXBuildFile; fileRef = 36F9241D1B739218008CED93 /* Renda.gif */; };
/* End PBXBuildFile section */

/* Begin PBXContainerItemProxy section */
		3641543F1B6A4B65008E6DF3 /* PBXContainerItemProxy */ = {
			isa = PBXContainerItemProxy;
			containerPortal = 364154211B6A4B65008E6DF3 /* Project object */;
			proxyType = 1;
			remoteGlobalIDString = 364154281B6A4B65008E6DF3;
			remoteInfo = Renda;
		};
/* End PBXContainerItemProxy section */

/* Begin PBXFileReference section */
		36112ADB1B75744F00612489 /* GameKit.framework */ = {isa = PBXFileReference; lastKnownFileType = wrapper.framework; name = GameKit.framework; path = System/Library/Frameworks/GameKit.framework; sourceTree = SDKROOT; };
		36112AE21B7A311200612489 /* GKLocalPlayerUtil.swift */ = {isa = PBXFileReference; fileEncoding = 4; lastKnownFileType = sourcecode.swift; path = GKLocalPlayerUtil.swift; sourceTree = "<group>"; };
		364154291B6A4B65008E6DF3 /* Renda.app */ = {isa = PBXFileReference; explicitFileType = wrapper.application; includeInIndex = 0; path = Renda.app; sourceTree = BUILT_PRODUCTS_DIR; };
		3641542D1B6A4B65008E6DF3 /* Info.plist */ = {isa = PBXFileReference; lastKnownFileType = text.plist.xml; path = Info.plist; sourceTree = "<group>"; };
		3641542E1B6A4B65008E6DF3 /* AppDelegate.swift */ = {isa = PBXFileReference; lastKnownFileType = sourcecode.swift; path = AppDelegate.swift; sourceTree = "<group>"; };
		364154301B6A4B65008E6DF3 /* ViewController.swift */ = {isa = PBXFileReference; lastKnownFileType = sourcecode.swift; path = ViewController.swift; sourceTree = "<group>"; };
		364154331B6A4B65008E6DF3 /* Base */ = {isa = PBXFileReference; lastKnownFileType = file.storyboard; name = Base; path = Base.lproj/Main.storyboard; sourceTree = "<group>"; };
		364154351B6A4B65008E6DF3 /* Images.xcassets */ = {isa = PBXFileReference; lastKnownFileType = folder.assetcatalog; path = Images.xcassets; sourceTree = "<group>"; };
		364154381B6A4B65008E6DF3 /* Base */ = {isa = PBXFileReference; lastKnownFileType = file.xib; name = Base; path = Base.lproj/LaunchScreen.xib; sourceTree = "<group>"; };
		3641543E1B6A4B65008E6DF3 /* RendaTests.xctest */ = {isa = PBXFileReference; explicitFileType = wrapper.cfbundle; includeInIndex = 0; path = RendaTests.xctest; sourceTree = BUILT_PRODUCTS_DIR; };
		364154431B6A4B65008E6DF3 /* Info.plist */ = {isa = PBXFileReference; lastKnownFileType = text.plist.xml; path = Info.plist; sourceTree = "<group>"; };
		364154441B6A4B65008E6DF3 /* RendaTests.swift */ = {isa = PBXFileReference; lastKnownFileType = sourcecode.swift; path = RendaTests.swift; sourceTree = "<group>"; };
		36E4E74D1B8206D50045E3C7 /* GKScoreUtil.swift */ = {isa = PBXFileReference; fileEncoding = 4; lastKnownFileType = sourcecode.swift; path = GKScoreUtil.swift; sourceTree = "<group>"; };
		36F9241D1B739218008CED93 /* Renda.gif */ = {isa = PBXFileReference; lastKnownFileType = image.gif; path = Renda.gif; sourceTree = "<group>"; };
/* End PBXFileReference section */

/* Begin PBXFrameworksBuildPhase section */
		364154261B6A4B65008E6DF3 /* Frameworks */ = {
			isa = PBXFrameworksBuildPhase;
			buildActionMask = 2147483647;
			files = (
				36112ADC1B75744F00612489 /* GameKit.framework in Frameworks */,
			);
			runOnlyForDeploymentPostprocessing = 0;
		};
		3641543B1B6A4B65008E6DF3 /* Frameworks */ = {
			isa = PBXFrameworksBuildPhase;
			buildActionMask = 2147483647;
			files = (
			);
			runOnlyForDeploymentPostprocessing = 0;
		};
/* End PBXFrameworksBuildPhase section */

/* Begin PBXGroup section */
		364154201B6A4B65008E6DF3 = {
			isa = PBXGroup;
			children = (
				36112ADB1B75744F00612489 /* GameKit.framework */,
				3641542B1B6A4B65008E6DF3 /* Renda */,
				364154411B6A4B65008E6DF3 /* RendaTests */,
				3641542A1B6A4B65008E6DF3 /* Products */,
			);
			sourceTree = "<group>";
		};
		3641542A1B6A4B65008E6DF3 /* Products */ = {
			isa = PBXGroup;
			children = (
				364154291B6A4B65008E6DF3 /* Renda.app */,
				3641543E1B6A4B65008E6DF3 /* RendaTests.xctest */,
			);
			name = Products;
			sourceTree = "<group>";
		};
		3641542B1B6A4B65008E6DF3 /* Renda */ = {
			isa = PBXGroup;
			children = (
				3641542E1B6A4B65008E6DF3 /* AppDelegate.swift */,
				364154301B6A4B65008E6DF3 /* ViewController.swift */,
				36112AE21B7A311200612489 /* GKLocalPlayerUtil.swift */,
				36E4E74D1B8206D50045E3C7 /* GKScoreUtil.swift */,
				364154321B6A4B65008E6DF3 /* Main.storyboard */,
				364154351B6A4B65008E6DF3 /* Images.xcassets */,
				364154371B6A4B65008E6DF3 /* LaunchScreen.xib */,
				3641542C1B6A4B65008E6DF3 /* Supporting Files */,
			);
			path = Renda;
			sourceTree = "<group>";
		};
		3641542C1B6A4B65008E6DF3 /* Supporting Files */ = {
			isa = PBXGroup;
			children = (
				3641542D1B6A4B65008E6DF3 /* Info.plist */,
			);
			name = "Supporting Files";
			sourceTree = "<group>";
		};
		364154411B6A4B65008E6DF3 /* RendaTests */ = {
			isa = PBXGroup;
			children = (
				364154441B6A4B65008E6DF3 /* RendaTests.swift */,
				364154421B6A4B65008E6DF3 /* Supporting Files */,
			);
			path = RendaTests;
			sourceTree = "<group>";
		};
		364154421B6A4B65008E6DF3 /* Supporting Files */ = {
			isa = PBXGroup;
			children = (
				36F9241D1B739218008CED93 /* Renda.gif */,
				364154431B6A4B65008E6DF3 /* Info.plist */,
			);
			name = "Supporting Files";
			sourceTree = "<group>";
		};
/* End PBXGroup section */

/* Begin PBXNativeTarget section */
		364154281B6A4B65008E6DF3 /* Renda */ = {
			isa = PBXNativeTarget;
			buildConfigurationList = 364154481B6A4B65008E6DF3 /* Build configuration list for PBXNativeTarget "Renda" */;
			buildPhases = (
				364154251B6A4B65008E6DF3 /* Sources */,
				364154261B6A4B65008E6DF3 /* Frameworks */,
				364154271B6A4B65008E6DF3 /* Resources */,
			);
			buildRules = (
			);
			dependencies = (
			);
			name = Renda;
			productName = Renda;
			productReference = 364154291B6A4B65008E6DF3 /* Renda.app */;
			productType = "com.apple.product-type.application";
		};
		3641543D1B6A4B65008E6DF3 /* RendaTests */ = {
			isa = PBXNativeTarget;
			buildConfigurationList = 3641544B1B6A4B65008E6DF3 /* Build configuration list for PBXNativeTarget "RendaTests" */;
			buildPhases = (
				3641543A1B6A4B65008E6DF3 /* Sources */,
				3641543B1B6A4B65008E6DF3 /* Frameworks */,
				3641543C1B6A4B65008E6DF3 /* Resources */,
			);
			buildRules = (
			);
			dependencies = (
				364154401B6A4B65008E6DF3 /* PBXTargetDependency */,
			);
			name = RendaTests;
			productName = RendaTests;
			productReference = 3641543E1B6A4B65008E6DF3 /* RendaTests.xctest */;
			productType = "com.apple.product-type.bundle.unit-test";
		};
/* End PBXNativeTarget section */

/* Begin PBXProject section */
		364154211B6A4B65008E6DF3 /* Project object */ = {
			isa = PBXProject;
			attributes = {
				LastUpgradeCheck = 0640;
				ORGANIZATIONNAME = "Masaki Horimoto";
				TargetAttributes = {
					364154281B6A4B65008E6DF3 = {
						CreatedOnToolsVersion = 6.4;
						DevelopmentTeam = WBV73EJ8V2;
					};
					3641543D1B6A4B65008E6DF3 = {
						CreatedOnToolsVersion = 6.4;
						TestTargetID = 364154281B6A4B65008E6DF3;
					};
				};
			};
			buildConfigurationList = 364154241B6A4B65008E6DF3 /* Build configuration list for PBXProject "Renda" */;
			compatibilityVersion = "Xcode 3.2";
			developmentRegion = English;
			hasScannedForEncodings = 0;
			knownRegions = (
				en,
				Base,
			);
			mainGroup = 364154201B6A4B65008E6DF3;
			productRefGroup = 3641542A1B6A4B65008E6DF3 /* Products */;
			projectDirPath = "";
			projectRoot = "";
			targets = (
				364154281B6A4B65008E6DF3 /* Renda */,
				3641543D1B6A4B65008E6DF3 /* RendaTests */,
			);
		};
/* End PBXProject section */

/* Begin PBXResourcesBuildPhase section */
		364154271B6A4B65008E6DF3 /* Resources */ = {
			isa = PBXResourcesBuildPhase;
			buildActionMask = 2147483647;
			files = (
				364154341B6A4B65008E6DF3 /* Main.storyboard in Resources */,
				364154391B6A4B65008E6DF3 /* LaunchScreen.xib in Resources */,
				364154361B6A4B65008E6DF3 /* Images.xcassets in Resources */,
			);
			runOnlyForDeploymentPostprocessing = 0;
		};
		3641543C1B6A4B65008E6DF3 /* Resources */ = {
			isa = PBXResourcesBuildPhase;
			buildActionMask = 2147483647;
			files = (
				36F9241E1B739218008CED93 /* Renda.gif in Resources */,
			);
			runOnlyForDeploymentPostprocessing = 0;
		};
/* End PBXResourcesBuildPhase section */

/* Begin PBXSourcesBuildPhase section */
		364154251B6A4B65008E6DF3 /* Sources */ = {
			isa = PBXSourcesBuildPhase;
			buildActionMask = 2147483647;
			files = (
				36E4E74F1B8346E10045E3C7 /* GKScoreUtil.swift in Sources */,
				364154311B6A4B65008E6DF3 /* ViewController.swift in Sources */,
				36112AE31B7A311200612489 /* GKLocalPlayerUtil.swift in Sources */,
				3641542F1B6A4B65008E6DF3 /* AppDelegate.swift in Sources */,
			);
			runOnlyForDeploymentPostprocessing = 0;
		};
		3641543A1B6A4B65008E6DF3 /* Sources */ = {
			isa = PBXSourcesBuildPhase;
			buildActionMask = 2147483647;
			files = (
				36E4E7851B84A8E10045E3C7 /* GKScoreUtil.swift in Sources */,
				36E4E7831B84A6630045E3C7 /* ViewController.swift in Sources */,
				36112AE11B78E46600612489 /* RendaTests.swift in Sources */,
			);
			runOnlyForDeploymentPostprocessing = 0;
		};
/* End PBXSourcesBuildPhase section */

/* Begin PBXTargetDependency section */
		364154401B6A4B65008E6DF3 /* PBXTargetDependency */ = {
			isa = PBXTargetDependency;
			target = 364154281B6A4B65008E6DF3 /* Renda */;
			targetProxy = 3641543F1B6A4B65008E6DF3 /* PBXContainerItemProxy */;
		};
/* End PBXTargetDependency section */

/* Begin PBXVariantGroup section */
		364154321B6A4B65008E6DF3 /* Main.storyboard */ = {
			isa = PBXVariantGroup;
			children = (
				364154331B6A4B65008E6DF3 /* Base */,
			);
			name = Main.storyboard;
			sourceTree = "<group>";
		};
		364154371B6A4B65008E6DF3 /* LaunchScreen.xib */ = {
			isa = PBXVariantGroup;
			children = (
				364154381B6A4B65008E6DF3 /* Base */,
			);
			name = LaunchScreen.xib;
			sourceTree = "<group>";
		};
/* End PBXVariantGroup section */

/* Begin XCBuildConfiguration section */
		364154461B6A4B65008E6DF3 /* Debug */ = {
			isa = XCBuildConfiguration;
			buildSettings = {
				ALWAYS_SEARCH_USER_PATHS = NO;
				CLANG_CXX_LANGUAGE_STANDARD = "gnu++0x";
				CLANG_CXX_LIBRARY = "libc++";
				CLANG_ENABLE_MODULES = YES;
				CLANG_ENABLE_OBJC_ARC = YES;
				CLANG_WARN_BOOL_CONVERSION = YES;
				CLANG_WARN_CONSTANT_CONVERSION = YES;
				CLANG_WARN_DIRECT_OBJC_ISA_USAGE = YES_ERROR;
				CLANG_WARN_EMPTY_BODY = YES;
				CLANG_WARN_ENUM_CONVERSION = YES;
				CLANG_WARN_INT_CONVERSION = YES;
				CLANG_WARN_OBJC_ROOT_CLASS = YES_ERROR;
				CLANG_WARN_UNREACHABLE_CODE = YES;
				CLANG_WARN__DUPLICATE_METHOD_MATCH = YES;
				"CODE_SIGN_IDENTITY[sdk=iphoneos*]" = "iPhone Developer";
				COPY_PHASE_STRIP = NO;
				DEBUG_INFORMATION_FORMAT = "dwarf-with-dsym";
				ENABLE_STRICT_OBJC_MSGSEND = YES;
				GCC_C_LANGUAGE_STANDARD = gnu99;
				GCC_DYNAMIC_NO_PIC = NO;
				GCC_NO_COMMON_BLOCKS = YES;
				GCC_OPTIMIZATION_LEVEL = 0;
				GCC_PREPROCESSOR_DEFINITIONS = (
					"DEBUG=1",
					"$(inherited)",
				);
				GCC_SYMBOLS_PRIVATE_EXTERN = NO;
				GCC_WARN_64_TO_32_BIT_CONVERSION = YES;
				GCC_WARN_ABOUT_RETURN_TYPE = YES_ERROR;
				GCC_WARN_UNDECLARED_SELECTOR = YES;
				GCC_WARN_UNINITIALIZED_AUTOS = YES_AGGRESSIVE;
				GCC_WARN_UNUSED_FUNCTION = YES;
				GCC_WARN_UNUSED_VARIABLE = YES;
				IPHONEOS_DEPLOYMENT_TARGET = 8.4;
				MTL_ENABLE_DEBUG_INFO = YES;
				ONLY_ACTIVE_ARCH = YES;
				SDKROOT = iphoneos;
				SWIFT_OPTIMIZATION_LEVEL = "-Onone";
			};
			name = Debug;
		};
		364154471B6A4B65008E6DF3 /* Release */ = {
			isa = XCBuildConfiguration;
			buildSettings = {
				ALWAYS_SEARCH_USER_PATHS = NO;
				CLANG_CXX_LANGUAGE_STANDARD = "gnu++0x";
				CLANG_CXX_LIBRARY = "libc++";
				CLANG_ENABLE_MODULES = YES;
				CLANG_ENABLE_OBJC_ARC = YES;
				CLANG_WARN_BOOL_CONVERSION = YES;
				CLANG_WARN_CONSTANT_CONVERSION = YES;
				CLANG_WARN_DIRECT_OBJC_ISA_USAGE = YES_ERROR;
				CLANG_WARN_EMPTY_BODY = YES;
				CLANG_WARN_ENUM_CONVERSION = YES;
				CLANG_WARN_INT_CONVERSION = YES;
				CLANG_WARN_OBJC_ROOT_CLASS = YES_ERROR;
				CLANG_WARN_UNREACHABLE_CODE = YES;
				CLANG_WARN__DUPLICATE_METHOD_MATCH = YES;
				"CODE_SIGN_IDENTITY[sdk=iphoneos*]" = "iPhone Developer";
				COPY_PHASE_STRIP = NO;
				DEBUG_INFORMATION_FORMAT = "dwarf-with-dsym";
				ENABLE_NS_ASSERTIONS = NO;
				ENABLE_STRICT_OBJC_MSGSEND = YES;
				GCC_C_LANGUAGE_STANDARD = gnu99;
				GCC_NO_COMMON_BLOCKS = YES;
				GCC_WARN_64_TO_32_BIT_CONVERSION = YES;
				GCC_WARN_ABOUT_RETURN_TYPE = YES_ERROR;
				GCC_WARN_UNDECLARED_SELECTOR = YES;
				GCC_WARN_UNINITIALIZED_AUTOS = YES_AGGRESSIVE;
				GCC_WARN_UNUSED_FUNCTION = YES;
				GCC_WARN_UNUSED_VARIABLE = YES;
				IPHONEOS_DEPLOYMENT_TARGET = 8.4;
				MTL_ENABLE_DEBUG_INFO = NO;
				SDKROOT = iphoneos;
				VALIDATE_PRODUCT = YES;
			};
			name = Release;
		};
		364154491B6A4B65008E6DF3 /* Debug */ = {
			isa = XCBuildConfiguration;
			buildSettings = {
				ASSETCATALOG_COMPILER_APPICON_NAME = AppIcon;
				CODE_SIGN_IDENTITY = "iPhone Developer";
				"CODE_SIGN_IDENTITY[sdk=iphoneos*]" = "iPhone Developer";
				INFOPLIST_FILE = Renda/Info.plist;
				LD_RUNPATH_SEARCH_PATHS = "$(inherited) @executable_path/Frameworks";
				PRODUCT_NAME = "$(TARGET_NAME)";
				PROVISIONING_PROFILE = "";
			};
			name = Debug;
		};
		3641544A1B6A4B65008E6DF3 /* Release */ = {
			isa = XCBuildConfiguration;
			buildSettings = {
				ASSETCATALOG_COMPILER_APPICON_NAME = AppIcon;
				CODE_SIGN_IDENTITY = "iPhone Developer";
				"CODE_SIGN_IDENTITY[sdk=iphoneos*]" = "iPhone Developer";
				INFOPLIST_FILE = Renda/Info.plist;
				LD_RUNPATH_SEARCH_PATHS = "$(inherited) @executable_path/Frameworks";
				PRODUCT_NAME = "$(TARGET_NAME)";
				PROVISIONING_PROFILE = "";
			};
			name = Release;
		};
		3641544C1B6A4B65008E6DF3 /* Debug */ = {
			isa = XCBuildConfiguration;
			buildSettings = {
				BUNDLE_LOADER = "$(TEST_HOST)";
				FRAMEWORK_SEARCH_PATHS = (
					"$(SDKROOT)/Developer/Library/Frameworks",
					"$(inherited)",
				);
				GCC_PREPROCESSOR_DEFINITIONS = (
					"DEBUG=1",
					"$(inherited)",
				);
				INFOPLIST_FILE = RendaTests/Info.plist;
				LD_RUNPATH_SEARCH_PATHS = "$(inherited) @executable_path/Frameworks @loader_path/Frameworks";
				PRODUCT_NAME = "$(TARGET_NAME)";
				TEST_HOST = "$(BUILT_PRODUCTS_DIR)/Renda.app/Renda";
			};
			name = Debug;
		};
		3641544D1B6A4B65008E6DF3 /* Release */ = {
			isa = XCBuildConfiguration;
			buildSettings = {
				BUNDLE_LOADER = "$(TEST_HOST)";
				FRAMEWORK_SEARCH_PATHS = (
					"$(SDKROOT)/Developer/Library/Frameworks",
					"$(inherited)",
				);
				INFOPLIST_FILE = RendaTests/Info.plist;
				LD_RUNPATH_SEARCH_PATHS = "$(inherited) @executable_path/Frameworks @loader_path/Frameworks";
				PRODUCT_NAME = "$(TARGET_NAME)";
				TEST_HOST = "$(BUILT_PRODUCTS_DIR)/Renda.app/Renda";
			};
			name = Release;
		};
/* End XCBuildConfiguration section */

/* Begin XCConfigurationList section */
		364154241B6A4B65008E6DF3 /* Build configuration list for PBXProject "Renda" */ = {
			isa = XCConfigurationList;
			buildConfigurations = (
				364154461B6A4B65008E6DF3 /* Debug */,
				364154471B6A4B65008E6DF3 /* Release */,
			);
			defaultConfigurationIsVisible = 0;
			defaultConfigurationName = Release;
		};
		364154481B6A4B65008E6DF3 /* Build configuration list for PBXNativeTarget "Renda" */ = {
			isa = XCConfigurationList;
			buildConfigurations = (
				364154491B6A4B65008E6DF3 /* Debug */,
				3641544A1B6A4B65008E6DF3 /* Release */,
			);
			defaultConfigurationIsVisible = 0;
			defaultConfigurationName = Release;
		};
		3641544B1B6A4B65008E6DF3 /* Build configuration list for PBXNativeTarget "RendaTests" */ = {
			isa = XCConfigurationList;
			buildConfigurations = (
				3641544C1B6A4B65008E6DF3 /* Debug */,
				3641544D1B6A4B65008E6DF3 /* Release */,
			);
			defaultConfigurationIsVisible = 0;
			defaultConfigurationName = Release;
		};
/* End XCConfigurationList section */
	};
	rootObject = 364154211B6A4B65008E6DF3 /* Project object */;
}
